Microsoft Visual Studio Solution File, Format Version 11.00
# Visual Studio 2010
Project("{FAE04EC0-301F-11D3-BF4B-00C04F79EFBC}") = "SimpleActionGame", "Assembly-CSharp.csproj", "{474B94A6-C371-40A5-FEF3-665E5F335276}"
EndProject
Project("{FAE04EC0-301F-11D3-BF4B-00C04F79EFBC}") = "SimpleActionGame", "Assembly-CSharp-Editor.csproj", "{55800DE7-109A-19B4-AAB4-69745466F419}"
EndProject
Global
	GlobalSection(SolutionConfigurationPlatforms) = preSolution
		Debug|Any CPU = Debug|Any CPU
		Release|Any CPU = Release|Any CPU
	EndGlobalSection
	GlobalSection(ProjectConfigurationPlatforms) = postSolution
		{474B94A6-C371-40A5-FEF3-665E5F335276}.Debug|Any CPU.ActiveCfg = Debug|Any CPU
		{474B94A6-C371-40A5-FEF3-665E5F335276}.Debug|Any CPU.Build.0 = Debug|Any CPU
		{474B94A6-C371-40A5-FEF3-665E5F335276}.Release|Any CPU.ActiveCfg = Release|Any CPU
		{474B94A6-C371-40A5-FEF3-665E5F335276}.Release|Any CPU.Build.0 = Release|Any CPU
		{55800DE7-109A-19B4-AAB4-69745466F419}.Debug|Any CPU.ActiveCfg = Debug|Any CPU
		{55800DE7-109A-19B4-AAB4-69745466F419}.Debug|Any CPU.Build.0 = Debug|Any CPU
		{55800DE7-109A-19B4-AAB4-69745466F419}.Release|Any CPU.ActiveCfg = Release|Any CPU
		{55800DE7-109A-19B4-AAB4-69745466F419}.Release|Any CPU.Build.0 = Release|Any CPU
	EndGlobalSection
	GlobalSection(MonoDevelopProperties) = preSolution
		StartupItem = Assembly-CSharp.csproj
	EndGlobalSection
EndGlobal
